
Microsoft Visual Studio Solution File, Format Version 12.00
Project("{2150E333-8FDC-42A3-9474-1A3956D46DE8}") = "src", "src", "{0F89AA85-C22A-4547-914F-A519E82B0B9A}"
EndProject
Project("{2150E333-8FDC-42A3-9474-1A3956D46DE8}") = "tests", "tests", "{F87422A3-879B-43E5-8E3E-87AAE318D561}"
EndProject
Project("{FAE04EC0-301F-11D3-BF4B-00C04F79EFBC}") = "Mm0205.TestImageGenerator.Cli", "src\Mm0205.TestImageGenerator.Cli\Mm0205.TestImageGenerator.Cli.csproj", "{FAB801A2-A6EA-456D-8A18-447AAFC25DF5}"
EndProject
Global
	GlobalSection(SolutionConfigurationPlatforms) = preSolution
		Debug|Any CPU = Debug|Any CPU
		Release|Any CPU = Release|Any CPU
	EndGlobalSection
	GlobalSection(ProjectConfigurationPlatforms) = postSolution
		{FAB801A2-A6EA-456D-8A18-447AAFC25DF5}.Debug|Any CPU.ActiveCfg = Debug|Any CPU
		{FAB801A2-A6EA-456D-8A18-447AAFC25DF5}.Debug|Any CPU.Build.0 = Debug|Any CPU
		{FAB801A2-A6EA-456D-8A18-447AAFC25DF5}.Release|Any CPU.ActiveCfg = Release|Any CPU
		{FAB801A2-A6EA-456D-8A18-447AAFC25DF5}.Release|Any CPU.Build.0 = Release|Any CPU
	EndGlobalSection
	GlobalSection(NestedProjects) = preSolution
		{FAB801A2-A6EA-456D-8A18-447AAFC25DF5} = {0F89AA85-C22A-4547-914F-A519E82B0B9A}
	EndGlobalSection
EndGlobal
